
Microsoft Visual Studio Solution File, Format Version 12.00
# Visual Studio Version 16
VisualStudioVersion = 16.0.30717.126
MinimumVisualStudioVersion = 10.0.40219.1
Project("{FAE04EC0-301F-11D3-BF4B-00C04F79EFBC}") = "db_course_project", "db_course_project.csproj", "{9486FF3E-33CA-4C6D-95E6-0C66C00CBF5F}"
EndProject
Global
	GlobalSection(SolutionConfigurationPlatforms) = preSolution
		Debug|Any CPU = Debug|Any CPU
		Release|Any CPU = Release|Any CPU
	EndGlobalSection
	GlobalSection(ProjectConfigurationPlatforms) = postSolution
		{9486FF3E-33CA-4C6D-95E6-0C66C00CBF5F}.Debug|Any CPU.ActiveCfg = Debug|Any CPU
		{9486FF3E-33CA-4C6D-95E6-0C66C00CBF5F}.Debug|Any CPU.Build.0 = Debug|Any CPU
		{9486FF3E-33CA-4C6D-95E6-0C66C00CBF5F}.Release|Any CPU.ActiveCfg = Release|Any CPU
		{9486FF3E-33CA-4C6D-95E6-0C66C00CBF5F}.Release|Any CPU.Build.0 = Release|Any CPU
	EndGlobalSection
	GlobalSection(SolutionProperties) = preSolution
		HideSolutionNode = FALSE
	EndGlobalSection
	GlobalSection(ExtensibilityGlobals) = postSolution
		SolutionGuid = {81CA1264-BDF6-4069-BC7D-766266EDE4DD}
	EndGlobalSection
EndGlobal
